
Microsoft Visual Studio Solution File, Format Version 12.00
# Visual Studio Version 17
VisualStudioVersion = 17.1.32328.378
MinimumVisualStudioVersion = 10.0.40219.1
Project("{9A19103F-16F7-4668-BE54-9A1E7A4F7556}") = "26.04", "26.04\26.04.csproj", "{5CECE100-DBCF-484A-9666-B8B505508B78}"
EndProject
Project("{9A19103F-16F7-4668-BE54-9A1E7A4F7556}") = "WinOrnek1", "WinOrnek1\WinOrnek1.csproj", "{7C332F41-D6A3-41B4-92E7-8C706D263186}"
EndProject
Project("{2150E333-8FDC-42A3-9474-1A3956D46DE8}") = "Metotlar", "Metotlar", "{0EB48190-7A83-4CF6-9697-A724FEE24222}"
EndProject
Project("{9A19103F-16F7-4668-BE54-9A1E7A4F7556}") = "MetodGiris", "MetodGiris\MetodGiris.csproj", "{99993805-4A6B-4185-9302-6002496227EA}"
EndProject
Project("{9A19103F-16F7-4668-BE54-9A1E7A4F7556}") = "VoidMetodlar", "VoidMetodlar\VoidMetodlar.csproj", "{BB3AB4F7-691B-4F99-ADA0-26F903A84795}"
EndProject
Project("{9A19103F-16F7-4668-BE54-9A1E7A4F7556}") = "Parametreli Metodlar", "Parametreli Metodlar\Parametreli Metodlar.csproj", "{174CB7DF-3554-44BE-A69B-E90FCCB4E8F0}"
EndProject
Project("{9A19103F-16F7-4668-BE54-9A1E7A4F7556}") = "HazırStringMetotlar", "HazırMetotlar\HazırStringMetotlar.csproj", "{0AB4112D-DBE0-47AF-AB66-1E8B7FF8806A}"
EndProject
Project("{9A19103F-16F7-4668-BE54-9A1E7A4F7556}") = "WinSansür", "WinSansür\WinSansür.csproj", "{8AA7A3FF-F7DF-4A1A-86F0-14AAFCE84CF9}"
EndProject
Project("{9A19103F-16F7-4668-BE54-9A1E7A4F7556}") = "Tarihler", "Tarihler\Tarihler.csproj", "{D65BA973-64E0-44C9-B134-002DD349538D}"
EndProject
Project("{9A19103F-16F7-4668-BE54-9A1E7A4F7556}") = "MatematikMetotlari", "MatematikMetotlari\MatematikMetotlari.csproj", "{4522FA68-B714-479C-ADE7-3D97BFC5F1DC}"
EndProject
Project("{FAE04EC0-301F-11D3-BF4B-00C04F79EFBC}") = "OutParametre", "OutParametre\OutParametre.csproj", "{471402D8-DA12-475D-BC13-37BEA1C4EB7E}"
EndProject
Project("{FAE04EC0-301F-11D3-BF4B-00C04F79EFBC}") = "RefParametre", "RefParametre\RefParametre.csproj", "{EB17AC86-2BB1-4B10-9484-14F2DCE38349}"
EndProject
Project("{FAE04EC0-301F-11D3-BF4B-00C04F79EFBC}") = "RecursiveMetotlar", "RecursiveMetotlar\RecursiveMetotlar.csproj", "{500318BB-94A3-409C-AED6-6066C1600F03}"
EndProject
Project("{FAE04EC0-301F-11D3-BF4B-00C04F79EFBC}") = "SystemIO", "SystemIO\SystemIO.csproj", "{7A8E3536-444C-4751-9A7C-7C0CB51E6F11}"
EndProject
Project("{FAE04EC0-301F-11D3-BF4B-00C04F79EFBC}") = "MayınTarlası", "MayınTarlası\MayınTarlası.csproj", "{C6039160-FEEB-4088-8C8C-6AFFB5A75753}"
EndProject
Global
	GlobalSection(SolutionConfigurationPlatforms) = preSolution
		Debug|Any CPU = Debug|Any CPU
		Release|Any CPU = Release|Any CPU
	EndGlobalSection
	GlobalSection(ProjectConfigurationPlatforms) = postSolution
		{5CECE100-DBCF-484A-9666-B8B505508B78}.Debug|Any CPU.ActiveCfg = Debug|Any CPU
		{5CECE100-DBCF-484A-9666-B8B505508B78}.Debug|Any CPU.Build.0 = Debug|Any CPU
		{5CECE100-DBCF-484A-9666-B8B505508B78}.Release|Any CPU.ActiveCfg = Release|Any CPU
		{5CECE100-DBCF-484A-9666-B8B505508B78}.Release|Any CPU.Build.0 = Release|Any CPU
		{7C332F41-D6A3-41B4-92E7-8C706D263186}.Debug|Any CPU.ActiveCfg = Debug|Any CPU
		{7C332F41-D6A3-41B4-92E7-8C706D263186}.Debug|Any CPU.Build.0 = Debug|Any CPU
		{7C332F41-D6A3-41B4-92E7-8C706D263186}.Release|Any CPU.ActiveCfg = Release|Any CPU
		{7C332F41-D6A3-41B4-92E7-8C706D263186}.Release|Any CPU.Build.0 = Release|Any CPU
		{99993805-4A6B-4185-9302-6002496227EA}.Debug|Any CPU.ActiveCfg = Debug|Any CPU
		{99993805-4A6B-4185-9302-6002496227EA}.Debug|Any CPU.Build.0 = Debug|Any CPU
		{99993805-4A6B-4185-9302-6002496227EA}.Release|Any CPU.ActiveCfg = Release|Any CPU
		{99993805-4A6B-4185-9302-6002496227EA}.Release|Any CPU.Build.0 = Release|Any CPU
		{BB3AB4F7-691B-4F99-ADA0-26F903A84795}.Debug|Any CPU.ActiveCfg = Debug|Any CPU
		{BB3AB4F7-691B-4F99-ADA0-26F903A84795}.Debug|Any CPU.Build.0 = Debug|Any CPU
		{BB3AB4F7-691B-4F99-ADA0-26F903A84795}.Release|Any CPU.ActiveCfg = Release|Any CPU
		{BB3AB4F7-691B-4F99-ADA0-26F903A84795}.Release|Any CPU.Build.0 = Release|Any CPU
		{174CB7DF-3554-44BE-A69B-E90FCCB4E8F0}.Debug|Any CPU.ActiveCfg = Debug|Any CPU
		{174CB7DF-3554-44BE-A69B-E90FCCB4E8F0}.Debug|Any CPU.Build.0 = Debug|Any CPU
		{174CB7DF-3554-44BE-A69B-E90FCCB4E8F0}.Release|Any CPU.ActiveCfg = Release|Any CPU
		{174CB7DF-3554-44BE-A69B-E90FCCB4E8F0}.Release|Any CPU.Build.0 = Release|Any CPU
		{0AB4112D-DBE0-47AF-AB66-1E8B7FF8806A}.Debug|Any CPU.ActiveCfg = Debug|Any CPU
		{0AB4112D-DBE0-47AF-AB66-1E8B7FF8806A}.Debug|Any CPU.Build.0 = Debug|Any CPU
		{0AB4112D-DBE0-47AF-AB66-1E8B7FF8806A}.Release|Any CPU.ActiveCfg = Release|Any CPU
		{0AB4112D-DBE0-47AF-AB66-1E8B7FF8806A}.Release|Any CPU.Build.0 = Release|Any CPU
		{8AA7A3FF-F7DF-4A1A-86F0-14AAFCE84CF9}.Debug|Any CPU.ActiveCfg = Debug|Any CPU
		{8AA7A3FF-F7DF-4A1A-86F0-14AAFCE84CF9}.Debug|Any CPU.Build.0 = Debug|Any CPU
		{8AA7A3FF-F7DF-4A1A-86F0-14AAFCE84CF9}.Release|Any CPU.ActiveCfg = Release|Any CPU
		{8AA7A3FF-F7DF-4A1A-86F0-14AAFCE84CF9}.Release|Any CPU.Build.0 = Release|Any CPU
		{D65BA973-64E0-44C9-B134-002DD349538D}.Debug|Any CPU.ActiveCfg = Debug|Any CPU
		{D65BA973-64E0-44C9-B134-002DD349538D}.Debug|Any CPU.Build.0 = Debug|Any CPU
		{D65BA973-64E0-44C9-B134-002DD349538D}.Release|Any CPU.ActiveCfg = Release|Any CPU
		{D65BA973-64E0-44C9-B134-002DD349538D}.Release|Any CPU.Build.0 = Release|Any CPU
		{4522FA68-B714-479C-ADE7-3D97BFC5F1DC}.Debug|Any CPU.ActiveCfg = Debug|Any CPU
		{4522FA68-B714-479C-ADE7-3D97BFC5F1DC}.Debug|Any CPU.Build.0 = Debug|Any CPU
		{4522FA68-B714-479C-ADE7-3D97BFC5F1DC}.Release|Any CPU.ActiveCfg = Release|Any CPU
		{4522FA68-B714-479C-ADE7-3D97BFC5F1DC}.Release|Any CPU.Build.0 = Release|Any CPU
		{471402D8-DA12-475D-BC13-37BEA1C4EB7E}.Debug|Any CPU.ActiveCfg = Debug|Any CPU
		{471402D8-DA12-475D-BC13-37BEA1C4EB7E}.Debug|Any CPU.Build.0 = Debug|Any CPU
		{471402D8-DA12-475D-BC13-37BEA1C4EB7E}.Release|Any CPU.ActiveCfg = Release|Any CPU
		{471402D8-DA12-475D-BC13-37BEA1C4EB7E}.Release|Any CPU.Build.0 = Release|Any CPU
		{EB17AC86-2BB1-4B10-9484-14F2DCE38349}.Debug|Any CPU.ActiveCfg = Debug|Any CPU
		{EB17AC86-2BB1-4B10-9484-14F2DCE38349}.Debug|Any CPU.Build.0 = Debug|Any CPU
		{EB17AC86-2BB1-4B10-9484-14F2DCE38349}.Release|Any CPU.ActiveCfg = Release|Any CPU
		{EB17AC86-2BB1-4B10-9484-14F2DCE38349}.Release|Any CPU.Build.0 = Release|Any CPU
		{500318BB-94A3-409C-AED6-6066C1600F03}.Debug|Any CPU.ActiveCfg = Debug|Any CPU
		{500318BB-94A3-409C-AED6-6066C1600F03}.Debug|Any CPU.Build.0 = Debug|Any CPU
		{500318BB-94A3-409C-AED6-6066C1600F03}.Release|Any CPU.ActiveCfg = Release|Any CPU
		{500318BB-94A3-409C-AED6-6066C1600F03}.Release|Any CPU.Build.0 = Release|Any CPU
		{7A8E3536-444C-4751-9A7C-7C0CB51E6F11}.Debug|Any CPU.ActiveCfg = Debug|Any CPU
		{7A8E3536-444C-4751-9A7C-7C0CB51E6F11}.Debug|Any CPU.Build.0 = Debug|Any CPU
		{7A8E3536-444C-4751-9A7C-7C0CB51E6F11}.Release|Any CPU.ActiveCfg = Release|Any CPU
		{7A8E3536-444C-4751-9A7C-7C0CB51E6F11}.Release|Any CPU.Build.0 = Release|Any CPU
		{C6039160-FEEB-4088-8C8C-6AFFB5A75753}.Debug|Any CPU.ActiveCfg = Debug|Any CPU
		{C6039160-FEEB-4088-8C8C-6AFFB5A75753}.Debug|Any CPU.Build.0 = Debug|Any CPU
		{C6039160-FEEB-4088-8C8C-6AFFB5A75753}.Release|Any CPU.ActiveCfg = Release|Any CPU
		{C6039160-FEEB-4088-8C8C-6AFFB5A75753}.Release|Any CPU.Build.0 = Release|Any CPU
	EndGlobalSection
	GlobalSection(SolutionProperties) = preSolution
		HideSolutionNode = FALSE
	EndGlobalSection
	GlobalSection(NestedProjects) = preSolution
		{99993805-4A6B-4185-9302-6002496227EA} = {0EB48190-7A83-4CF6-9697-A724FEE24222}
		{BB3AB4F7-691B-4F99-ADA0-26F903A84795} = {0EB48190-7A83-4CF6-9697-A724FEE24222}
		{174CB7DF-3554-44BE-A69B-E90FCCB4E8F0} = {0EB48190-7A83-4CF6-9697-A724FEE24222}
		{0AB4112D-DBE0-47AF-AB66-1E8B7FF8806A} = {0EB48190-7A83-4CF6-9697-A724FEE24222}
		{8AA7A3FF-F7DF-4A1A-86F0-14AAFCE84CF9} = {0EB48190-7A83-4CF6-9697-A724FEE24222}
		{D65BA973-64E0-44C9-B134-002DD349538D} = {0EB48190-7A83-4CF6-9697-A724FEE24222}
		{4522FA68-B714-479C-ADE7-3D97BFC5F1DC} = {0EB48190-7A83-4CF6-9697-A724FEE24222}
		{471402D8-DA12-475D-BC13-37BEA1C4EB7E} = {0EB48190-7A83-4CF6-9697-A724FEE24222}
		{EB17AC86-2BB1-4B10-9484-14F2DCE38349} = {0EB48190-7A83-4CF6-9697-A724FEE24222}
		{500318BB-94A3-409C-AED6-6066C1600F03} = {0EB48190-7A83-4CF6-9697-A724FEE24222}
		{7A8E3536-444C-4751-9A7C-7C0CB51E6F11} = {0EB48190-7A83-4CF6-9697-A724FEE24222}
		{C6039160-FEEB-4088-8C8C-6AFFB5A75753} = {0EB48190-7A83-4CF6-9697-A724FEE24222}
	EndGlobalSection
	GlobalSection(ExtensibilityGlobals) = postSolution
		SolutionGuid = {09E6A1E6-8C9F-4BBF-B2B6-B0E4CA4C3983}
	EndGlobalSection
EndGlobal
