
Microsoft Visual Studio Solution File, Format Version 12.00
# Visual Studio Version 17
VisualStudioVersion = 17.1.32328.378
MinimumVisualStudioVersion = 10.0.40219.1
Project("{FAE04EC0-301F-11D3-BF4B-00C04F79EFBC}") = "26.04", "26.04\26.04.csproj", "{5CECE100-DBCF-484A-9666-B8B505508B78}"
EndProject
Global
	GlobalSection(SolutionConfigurationPlatforms) = preSolution
		Debug|Any CPU = Debug|Any CPU
		Release|Any CPU = Release|Any CPU
	EndGlobalSection
	GlobalSection(ProjectConfigurationPlatforms) = postSolution
		{5CECE100-DBCF-484A-9666-B8B505508B78}.Debug|Any CPU.ActiveCfg = Debug|Any CPU
		{5CECE100-DBCF-484A-9666-B8B505508B78}.Debug|Any CPU.Build.0 = Debug|Any CPU
		{5CECE100-DBCF-484A-9666-B8B505508B78}.Release|Any CPU.ActiveCfg = Release|Any CPU
		{5CECE100-DBCF-484A-9666-B8B505508B78}.Release|Any CPU.Build.0 = Release|Any CPU
	EndGlobalSection
	GlobalSection(SolutionProperties) = preSolution
		HideSolutionNode = FALSE
	EndGlobalSection
	GlobalSection(ExtensibilityGlobals) = postSolution
		SolutionGuid = {09E6A1E6-8C9F-4BBF-B2B6-B0E4CA4C3983}
	EndGlobalSection
EndGlobal
